// !$*UTF8*$!
{
	archiveVersion = 1;
	classes = {
	};
	objectVersion = 53;
	objects = {

/* Begin PBXBuildFile section */
		2FA9DEE82BA59BF7002CB7B9 /* AppDelegate.swift in Sources */ = {isa = PBXBuildFile; fileRef = 2FA9DEE72BA59BF7002CB7B9 /* AppDelegate.swift */; };
		2FA9DEEA2BA59BF7002CB7B9 /* ViewController.swift in Sources */ = {isa = PBXBuildFile; fileRef = 2FA9DEE92BA59BF7002CB7B9 /* ViewController.swift */; };
		2FA9DEEC2BA59BF8002CB7B9 /* Assets.xcassets in Resources */ = {isa = PBXBuildFile; fileRef = 2FA9DEEB2BA59BF8002CB7B9 /* Assets.xcassets */; };
		2FA9DEEF2BA59BF8002CB7B9 /* Main.storyboard in Resources */ = {isa = PBXBuildFile; fileRef = 2FA9DEED2BA59BF8002CB7B9 /* Main.storyboard */; };
		2FA9DEFA2BA59BF9002CB7B9 /* Passra1nTests.swift in Sources */ = {isa = PBXBuildFile; fileRef = 2FA9DEF92BA59BF9002CB7B9 /* Passra1nTests.swift */; };
		2FA9DF042BA59BF9002CB7B9 /* Passra1nUITests.swift in Sources */ = {isa = PBXBuildFile; fileRef = 2FA9DF032BA59BF9002CB7B9 /* Passra1nUITests.swift */; };
		2FA9DF062BA59BF9002CB7B9 /* Passra1nUITestsLaunchTests.swift in Sources */ = {isa = PBXBuildFile; fileRef = 2FA9DF052BA59BF9002CB7B9 /* Passra1nUITestsLaunchTests.swift */; };
/* End PBXBuildFile section */

/* Begin PBXContainerItemProxy section */
		2FA9DEF62BA59BF9002CB7B9 /* PBXContainerItemProxy */ = {
			isa = PBXContainerItemProxy;
			containerPortal = 2FA9DEDC2BA59BF7002CB7B9 /* Project object */;
			proxyType = 1;
			remoteGlobalIDString = 2FA9DEE32BA59BF7002CB7B9;
			remoteInfo = Passra1n;
		};
		2FA9DF002BA59BF9002CB7B9 /* PBXContainerItemProxy */ = {
			isa = PBXContainerItemProxy;
			containerPortal = 2FA9DEDC2BA59BF7002CB7B9 /* Project object */;
			proxyType = 1;
			remoteGlobalIDString = 2FA9DEE32BA59BF7002CB7B9;
			remoteInfo = Passra1n;
		};
/* End PBXContainerItemProxy section */

/* Begin PBXFileReference section */
		2FA9DEE42BA59BF7002CB7B9 /* Passra1n.app */ = {isa = PBXFileReference; explicitFileType = wrapper.application; includeInIndex = 0; path = Passra1n.app; sourceTree = BUILT_PRODUCTS_DIR; };
		2FA9DEE72BA59BF7002CB7B9 /* AppDelegate.swift */ = {isa = PBXFileReference; lastKnownFileType = sourcecode.swift; path = AppDelegate.swift; sourceTree = "<group>"; };
		2FA9DEE92BA59BF7002CB7B9 /* ViewController.swift */ = {isa = PBXFileReference; lastKnownFileType = sourcecode.swift; path = ViewController.swift; sourceTree = "<group>"; };
		2FA9DEEB2BA59BF8002CB7B9 /* Assets.xcassets */ = {isa = PBXFileReference; lastKnownFileType = folder.assetcatalog; path = Assets.xcassets; sourceTree = "<group>"; };
		2FA9DEEE2BA59BF8002CB7B9 /* Base */ = {isa = PBXFileReference; lastKnownFileType = file.storyboard; name = Base; path = Base.lproj/Main.storyboard; sourceTree = "<group>"; };
		2FA9DEF02BA59BF8002CB7B9 /* Passra1n.entitlements */ = {isa = PBXFileReference; lastKnownFileType = text.plist.entitlements; path = Passra1n.entitlements; sourceTree = "<group>"; };
		2FA9DEF52BA59BF9002CB7B9 /* Passra1nTests.xctest */ = {isa = PBXFileReference; explicitFileType = wrapper.cfbundle; includeInIndex = 0; path = Passra1nTests.xctest; sourceTree = BUILT_PRODUCTS_DIR; };
		2FA9DEF92BA59BF9002CB7B9 /* Passra1nTests.swift */ = {isa = PBXFileReference; lastKnownFileType = sourcecode.swift; path = Passra1nTests.swift; sourceTree = "<group>"; };
		2FA9DEFF2BA59BF9002CB7B9 /* Passra1nUITests.xctest */ = {isa = PBXFileReference; explicitFileType = wrapper.cfbundle; includeInIndex = 0; path = Passra1nUITests.xctest; sourceTree = BUILT_PRODUCTS_DIR; };
		2FA9DF032BA59BF9002CB7B9 /* Passra1nUITests.swift */ = {isa = PBXFileReference; lastKnownFileType = sourcecode.swift; path = Passra1nUITests.swift; sourceTree = "<group>"; };
		2FA9DF052BA59BF9002CB7B9 /* Passra1nUITestsLaunchTests.swift */ = {isa = PBXFileReference; lastKnownFileType = sourcecode.swift; path = Passra1nUITestsLaunchTests.swift; sourceTree = "<group>"; };
/* End PBXFileReference section */

/* Begin PBXFrameworksBuildPhase section */
		2FA9DEE12BA59BF7002CB7B9 /* Frameworks */ = {
			isa = PBXFrameworksBuildPhase;
			buildActionMask = 2147483647;
			files = (
			);
			runOnlyForDeploymentPostprocessing = 0;
		};
		2FA9DEF22BA59BF9002CB7B9 /* Frameworks */ = {
			isa = PBXFrameworksBuildPhase;
			buildActionMask = 2147483647;
			files = (
			);
			runOnlyForDeploymentPostprocessing = 0;
		};
		2FA9DEFC2BA59BF9002CB7B9 /* Frameworks */ = {
			isa = PBXFrameworksBuildPhase;
			buildActionMask = 2147483647;
			files = (
			);
			runOnlyForDeploymentPostprocessing = 0;
		};
/* End PBXFrameworksBuildPhase section */

/* Begin PBXGroup section */
		2FA9DEDB2BA59BF7002CB7B9 = {
			isa = PBXGroup;
			children = (
				2FA9DEE62BA59BF7002CB7B9 /* Passra1n */,
				2FA9DEF82BA59BF9002CB7B9 /* Passra1nTests */,
				2FA9DF022BA59BF9002CB7B9 /* Passra1nUITests */,
				2FA9DEE52BA59BF7002CB7B9 /* Products */,
			);
			sourceTree = "<group>";
		};
		2FA9DEE52BA59BF7002CB7B9 /* Products */ = {
			isa = PBXGroup;
			children = (
				2FA9DEE42BA59BF7002CB7B9 /* Passra1n.app */,
				2FA9DEF52BA59BF9002CB7B9 /* Passra1nTests.xctest */,
				2FA9DEFF2BA59BF9002CB7B9 /* Passra1nUITests.xctest */,
			);
			name = Products;
			sourceTree = "<group>";
		};
		2FA9DEE62BA59BF7002CB7B9 /* Passra1n */ = {
			isa = PBXGroup;
			children = (
				2FA9DEE72BA59BF7002CB7B9 /* AppDelegate.swift */,
				2FA9DEE92BA59BF7002CB7B9 /* ViewController.swift */,
				2FA9DEEB2BA59BF8002CB7B9 /* Assets.xcassets */,
				2FA9DEED2BA59BF8002CB7B9 /* Main.storyboard */,
				2FA9DEF02BA59BF8002CB7B9 /* Passra1n.entitlements */,
			);
			path = Passra1n;
			sourceTree = "<group>";
		};
		2FA9DEF82BA59BF9002CB7B9 /* Passra1nTests */ = {
			isa = PBXGroup;
			children = (
				2FA9DEF92BA59BF9002CB7B9 /* Passra1nTests.swift */,
			);
			path = Passra1nTests;
			sourceTree = "<group>";
		};
		2FA9DF022BA59BF9002CB7B9 /* Passra1nUITests */ = {
			isa = PBXGroup;
			children = (
				2FA9DF032BA59BF9002CB7B9 /* Passra1nUITests.swift */,
				2FA9DF052BA59BF9002CB7B9 /* Passra1nUITestsLaunchTests.swift */,
			);
			path = Passra1nUITests;
			sourceTree = "<group>";
		};
/* End PBXGroup section */

/* Begin PBXNativeTarget section */
		2FA9DEE32BA59BF7002CB7B9 /* Passra1n */ = {
			isa = PBXNativeTarget;
			buildConfigurationList = 2FA9DF092BA59BF9002CB7B9 /* Build configuration list for PBXNativeTarget "Passra1n" */;
			buildPhases = (
				2FA9DEE02BA59BF7002CB7B9 /* Sources */,
				2FA9DEE12BA59BF7002CB7B9 /* Frameworks */,
				2FA9DEE22BA59BF7002CB7B9 /* Resources */,
			);
			buildRules = (
			);
			dependencies = (
			);
			name = Passra1n;
			productName = Passra1n;
			productReference = 2FA9DEE42BA59BF7002CB7B9 /* Passra1n.app */;
			productType = "com.apple.product-type.application";
		};
		2FA9DEF42BA59BF9002CB7B9 /* Passra1nTests */ = {
			isa = PBXNativeTarget;
			buildConfigurationList = 2FA9DF0C2BA59BF9002CB7B9 /* Build configuration list for PBXNativeTarget "Passra1nTests" */;
			buildPhases = (
				2FA9DEF12BA59BF9002CB7B9 /* Sources */,
				2FA9DEF22BA59BF9002CB7B9 /* Frameworks */,
				2FA9DEF32BA59BF9002CB7B9 /* Resources */,
			);
			buildRules = (
			);
			dependencies = (
				2FA9DEF72BA59BF9002CB7B9 /* PBXTargetDependency */,
			);
			name = Passra1nTests;
			productName = Passra1nTests;
			productReference = 2FA9DEF52BA59BF9002CB7B9 /* Passra1nTests.xctest */;
			productType = "com.apple.product-type.bundle.unit-test";
		};
		2FA9DEFE2BA59BF9002CB7B9 /* Passra1nUITests */ = {
			isa = PBXNativeTarget;
			buildConfigurationList = 2FA9DF0F2BA59BF9002CB7B9 /* Build configuration list for PBXNativeTarget "Passra1nUITests" */;
			buildPhases = (
				2FA9DEFB2BA59BF9002CB7B9 /* Sources */,
				2FA9DEFC2BA59BF9002CB7B9 /* Frameworks */,
				2FA9DEFD2BA59BF9002CB7B9 /* Resources */,
			);
			buildRules = (
			);
			dependencies = (
				2FA9DF012BA59BF9002CB7B9 /* PBXTargetDependency */,
			);
			name = Passra1nUITests;
			productName = Passra1nUITests;
			productReference = 2FA9DEFF2BA59BF9002CB7B9 /* Passra1nUITests.xctest */;
			productType = "com.apple.product-type.bundle.ui-testing";
		};
/* End PBXNativeTarget section */

/* Begin PBXProject section */
		2FA9DEDC2BA59BF7002CB7B9 /* Project object */ = {
			isa = PBXProject;
			attributes = {
				BuildIndependentTargetsInParallel = 1;
				LastSwiftUpdateCheck = 1430;
				LastUpgradeCheck = 1430;
				TargetAttributes = {
					2FA9DEE32BA59BF7002CB7B9 = {
						CreatedOnToolsVersion = 14.3.1;
					};
					2FA9DEF42BA59BF9002CB7B9 = {
						CreatedOnToolsVersion = 14.3.1;
						TestTargetID = 2FA9DEE32BA59BF7002CB7B9;
					};
					2FA9DEFE2BA59BF9002CB7B9 = {
						CreatedOnToolsVersion = 14.3.1;
						TestTargetID = 2FA9DEE32BA59BF7002CB7B9;
					};
				};
			};
			buildConfigurationList = 2FA9DEDF2BA59BF7002CB7B9 /* Build configuration list for PBXProject "Passra1n" */;
			compatibilityVersion = "Xcode 10.0";
			developmentRegion = en;
			hasScannedForEncodings = 0;
			knownRegions = (
				en,
				Base,
			);
			mainGroup = 2FA9DEDB2BA59BF7002CB7B9;
			productRefGroup = 2FA9DEE52BA59BF7002CB7B9 /* Products */;
			projectDirPath = "";
			projectRoot = "";
			targets = (
				2FA9DEE32BA59BF7002CB7B9 /* Passra1n */,
				2FA9DEF42BA59BF9002CB7B9 /* Passra1nTests */,
				2FA9DEFE2BA59BF9002CB7B9 /* Passra1nUITests */,
			);
		};
/* End PBXProject section */

/* Begin PBXResourcesBuildPhase section */
		2FA9DEE22BA59BF7002CB7B9 /* Resources */ = {
			isa = PBXResourcesBuildPhase;
			buildActionMask = 2147483647;
			files = (
				2FA9DEEC2BA59BF8002CB7B9 /* Assets.xcassets in Resources */,
				2FA9DEEF2BA59BF8002CB7B9 /* Main.storyboard in Resources */,
			);
			runOnlyForDeploymentPostprocessing = 0;
		};
		2FA9DEF32BA59BF9002CB7B9 /* Resources */ = {
			isa = PBXResourcesBuildPhase;
			buildActionMask = 2147483647;
			files = (
			);
			runOnlyForDeploymentPostprocessing = 0;
		};
		2FA9DEFD2BA59BF9002CB7B9 /* Resources */ = {
			isa = PBXResourcesBuildPhase;
			buildActionMask = 2147483647;
			files = (
			);
			runOnlyForDeploymentPostprocessing = 0;
		};
/* End PBXResourcesBuildPhase section */

/* Begin PBXSourcesBuildPhase section */
		2FA9DEE02BA59BF7002CB7B9 /* Sources */ = {
			isa = PBXSourcesBuildPhase;
			buildActionMask = 2147483647;
			files = (
				2FA9DEEA2BA59BF7002CB7B9 /* ViewController.swift in Sources */,
				2FA9DEE82BA59BF7002CB7B9 /* AppDelegate.swift in Sources */,
			);
			runOnlyForDeploymentPostprocessing = 0;
		};
		2FA9DEF12BA59BF9002CB7B9 /* Sources */ = {
			isa = PBXSourcesBuildPhase;
			buildActionMask = 2147483647;
			files = (
				2FA9DEFA2BA59BF9002CB7B9 /* Passra1nTests.swift in Sources */,
			);
			runOnlyForDeploymentPostprocessing = 0;
		};
		2FA9DEFB2BA59BF9002CB7B9 /* Sources */ = {
			isa = PBXSourcesBuildPhase;
			buildActionMask = 2147483647;
			files = (
				2FA9DF062BA59BF9002CB7B9 /* Passra1nUITestsLaunchTests.swift in Sources */,
				2FA9DF042BA59BF9002CB7B9 /* Passra1nUITests.swift in Sources */,
			);
			runOnlyForDeploymentPostprocessing = 0;
		};
/* End PBXSourcesBuildPhase section */

/* Begin PBXTargetDependency section */
		2FA9DEF72BA59BF9002CB7B9 /* PBXTargetDependency */ = {
			isa = PBXTargetDependency;
			target = 2FA9DEE32BA59BF7002CB7B9 /* Passra1n */;
			targetProxy = 2FA9DEF62BA59BF9002CB7B9 /* PBXContainerItemProxy */;
		};
		2FA9DF012BA59BF9002CB7B9 /* PBXTargetDependency */ = {
			isa = PBXTargetDependency;
			target = 2FA9DEE32BA59BF7002CB7B9 /* Passra1n */;
			targetProxy = 2FA9DF002BA59BF9002CB7B9 /* PBXContainerItemProxy */;
		};
/* End PBXTargetDependency section */

/* Begin PBXVariantGroup section */
		2FA9DEED2BA59BF8002CB7B9 /* Main.storyboard */ = {
			isa = PBXVariantGroup;
			children = (
				2FA9DEEE2BA59BF8002CB7B9 /* Base */,
			);
			name = Main.storyboard;
			sourceTree = "<group>";
		};
/* End PBXVariantGroup section */

/* Begin XCBuildConfiguration section */
		2FA9DF072BA59BF9002CB7B9 /* Debug */ = {
			isa = XCBuildConfiguration;
			buildSettings = {
				ALWAYS_SEARCH_USER_PATHS = NO;
				CLANG_ANALYZER_NONNULL = YES;
				CLANG_ANALYZER_NUMBER_OBJECT_CONVERSION = YES_AGGRESSIVE;
				CLANG_CXX_LANGUAGE_STANDARD = "gnu++20";
				CLANG_ENABLE_MODULES = YES;
				CLANG_ENABLE_OBJC_ARC = YES;
				CLANG_ENABLE_OBJC_WEAK = YES;
				CLANG_WARN_BLOCK_CAPTURE_AUTORELEASING = YES;
				CLANG_WARN_BOOL_CONVERSION = YES;
				CLANG_WARN_COMMA = YES;
				CLANG_WARN_CONSTANT_CONVERSION = YES;
				CLANG_WARN_DEPRECATED_OBJC_IMPLEMENTATIONS = YES;
				CLANG_WARN_DIRECT_OBJC_ISA_USAGE = YES_ERROR;
				CLANG_WARN_DOCUMENTATION_COMMENTS = YES;
				CLANG_WARN_EMPTY_BODY = YES;
				CLANG_WARN_ENUM_CONVERSION = YES;
				CLANG_WARN_INFINITE_RECURSION = YES;
				CLANG_WARN_INT_CONVERSION = YES;
				CLANG_WARN_NON_LITERAL_NULL_CONVERSION = YES;
				CLANG_WARN_OBJC_IMPLICIT_RETAIN_SELF = YES;
				CLANG_WARN_OBJC_LITERAL_CONVERSION = YES;
				CLANG_WARN_OBJC_ROOT_CLASS = YES_ERROR;
				CLANG_WARN_QUOTED_INCLUDE_IN_FRAMEWORK_HEADER = YES;
				CLANG_WARN_RANGE_LOOP_ANALYSIS = YES;
				CLANG_WARN_STRICT_PROTOTYPES = YES;
				CLANG_WARN_SUSPICIOUS_MOVE = YES;
				CLANG_WARN_UNGUARDED_AVAILABILITY = YES_AGGRESSIVE;
				CLANG_WARN_UNREACHABLE_CODE = YES;
				CLANG_WARN__DUPLICATE_METHOD_MATCH = YES;
				COPY_PHASE_STRIP = NO;
				DEBUG_INFORMATION_FORMAT = dwarf;
				ENABLE_STRICT_OBJC_MSGSEND = YES;
				ENABLE_TESTABILITY = YES;
				GCC_C_LANGUAGE_STANDARD = gnu11;
				GCC_DYNAMIC_NO_PIC = NO;
				GCC_NO_COMMON_BLOCKS = YES;
				GCC_OPTIMIZATION_LEVEL = 0;
				GCC_PREPROCESSOR_DEFINITIONS = (
					"DEBUG=1",
					"$(inherited)",
				);
				GCC_WARN_64_TO_32_BIT_CONVERSION = YES;
				GCC_WARN_ABOUT_RETURN_TYPE = YES_ERROR;
				GCC_WARN_UNDECLARED_SELECTOR = YES;
				GCC_WARN_UNINITIALIZED_AUTOS = YES_AGGRESSIVE;
				GCC_WARN_UNUSED_FUNCTION = YES;
				GCC_WARN_UNUSED_VARIABLE = YES;
				MACOSX_DEPLOYMENT_TARGET = 13.2;
				MTL_ENABLE_DEBUG_INFO = INCLUDE_SOURCE;
				MTL_FAST_MATH = YES;
				ONLY_ACTIVE_ARCH = YES;
				SDKROOT = macosx;
				SWIFT_ACTIVE_COMPILATION_CONDITIONS = DEBUG;
				SWIFT_OPTIMIZATION_LEVEL = "-Onone";
			};
			name = Debug;
		};
		2FA9DF082BA59BF9002CB7B9 /* Release */ = {
			isa = XCBuildConfiguration;
			buildSettings = {
				ALWAYS_SEARCH_USER_PATHS = NO;
				CLANG_ANALYZER_NONNULL = YES;
				CLANG_ANALYZER_NUMBER_OBJECT_CONVERSION = YES_AGGRESSIVE;
				CLANG_CXX_LANGUAGE_STANDARD = "gnu++20";
				CLANG_ENABLE_MODULES = YES;
				CLANG_ENABLE_OBJC_ARC = YES;
				CLANG_ENABLE_OBJC_WEAK = YES;
				CLANG_WARN_BLOCK_CAPTURE_AUTORELEASING = YES;
				CLANG_WARN_BOOL_CONVERSION = YES;
				CLANG_WARN_COMMA = YES;
				CLANG_WARN_CONSTANT_CONVERSION = YES;
				CLANG_WARN_DEPRECATED_OBJC_IMPLEMENTATIONS = YES;
				CLANG_WARN_DIRECT_OBJC_ISA_USAGE = YES_ERROR;
				CLANG_WARN_DOCUMENTATION_COMMENTS = YES;
				CLANG_WARN_EMPTY_BODY = YES;
				CLANG_WARN_ENUM_CONVERSION = YES;
				CLANG_WARN_INFINITE_RECURSION = YES;
				CLANG_WARN_INT_CONVERSION = YES;
				CLANG_WARN_NON_LITERAL_NULL_CONVERSION = YES;
				CLANG_WARN_OBJC_IMPLICIT_RETAIN_SELF = YES;
				CLANG_WARN_OBJC_LITERAL_CONVERSION = YES;
				CLANG_WARN_OBJC_ROOT_CLASS = YES_ERROR;
				CLANG_WARN_QUOTED_INCLUDE_IN_FRAMEWORK_HEADER = YES;
				CLANG_WARN_RANGE_LOOP_ANALYSIS = YES;
				CLANG_WARN_STRICT_PROTOTYPES = YES;
				CLANG_WARN_SUSPICIOUS_MOVE = YES;
				CLANG_WARN_UNGUARDED_AVAILABILITY = YES_AGGRESSIVE;
				CLANG_WARN_UNREACHABLE_CODE = YES;
				CLANG_WARN__DUPLICATE_METHOD_MATCH = YES;
				COPY_PHASE_STRIP = NO;
				DEBUG_INFORMATION_FORMAT = "dwarf-with-dsym";
				ENABLE_NS_ASSERTIONS = NO;
				ENABLE_STRICT_OBJC_MSGSEND = YES;
				GCC_C_LANGUAGE_STANDARD = gnu11;
				GCC_NO_COMMON_BLOCKS = YES;
				GCC_WARN_64_TO_32_BIT_CONVERSION = YES;
				GCC_WARN_ABOUT_RETURN_TYPE = YES_ERROR;
				GCC_WARN_UNDECLARED_SELECTOR = YES;
				GCC_WARN_UNINITIALIZED_AUTOS = YES_AGGRESSIVE;
				GCC_WARN_UNUSED_FUNCTION = YES;
				GCC_WARN_UNUSED_VARIABLE = YES;
				MACOSX_DEPLOYMENT_TARGET = 13.2;
				MTL_ENABLE_DEBUG_INFO = NO;
				MTL_FAST_MATH = YES;
				SDKROOT = macosx;
				SWIFT_COMPILATION_MODE = wholemodule;
				SWIFT_OPTIMIZATION_LEVEL = "-O";
			};
			name = Release;
		};
		2FA9DF0A2BA59BF9002CB7B9 /* Debug */ = {
			isa = XCBuildConfiguration;
			buildSettings = {
				ASSETCATALOG_COMPILER_APPICON_NAME = AppIcon;
				ASSETCATALOG_COMPILER_GLOBAL_ACCENT_COLOR_NAME = AccentColor;
				ASSETCATALOG_COMPILER_INCLUDE_ALL_APPICON_ASSETS = YES;
				CODE_SIGN_ENTITLEMENTS = Passra1n/Passra1n.entitlements;
				"CODE_SIGN_IDENTITY[sdk=macosx*]" = "Apple Development";
				CODE_SIGN_STYLE = Automatic;
				COMBINE_HIDPI_IMAGES = YES;
				CURRENT_PROJECT_VERSION = 1;
				DEVELOPMENT_TEAM = 37QKW5UT5K;
				ENABLE_HARDENED_RUNTIME = YES;
				GENERATE_INFOPLIST_FILE = YES;
				INFOPLIST_KEY_CFBundleDisplayName = Passra1n;
				INFOPLIST_KEY_LSApplicationCategoryType = "public.app-category.utilities";
				INFOPLIST_KEY_NSHumanReadableCopyright = "";
				INFOPLIST_KEY_NSMainStoryboardFile = Main;
				INFOPLIST_KEY_NSPrincipalClass = NSApplication;
				LD_RUNPATH_SEARCH_PATHS = (
					"$(inherited)",
					"@executable_path/../Frameworks",
				);
				MACOSX_DEPLOYMENT_TARGET = 10.13;
				MARKETING_VERSION = "1.0 beta";
				PRODUCT_BUNDLE_IDENTIFIER = com.AlwaysAppleFTD.Passra1n;
				PRODUCT_NAME = "$(TARGET_NAME)";
				SWIFT_EMIT_LOC_STRINGS = YES;
				SWIFT_VERSION = 5.0;
			};
			name = Debug;
		};
		2FA9DF0B2BA59BF9002CB7B9 /* Release */ = {
			isa = XCBuildConfiguration;
			buildSettings = {
				ASSETCATALOG_COMPILER_APPICON_NAME = AppIcon;
				ASSETCATALOG_COMPILER_GLOBAL_ACCENT_COLOR_NAME = AccentColor;
				ASSETCATALOG_COMPILER_INCLUDE_ALL_APPICON_ASSETS = YES;
				CODE_SIGN_ENTITLEMENTS = Passra1n/Passra1n.entitlements;
				"CODE_SIGN_IDENTITY[sdk=macosx*]" = "Apple Development";
				CODE_SIGN_STYLE = Automatic;
				COMBINE_HIDPI_IMAGES = YES;
				CURRENT_PROJECT_VERSION = 1;
				DEVELOPMENT_TEAM = 37QKW5UT5K;
				ENABLE_HARDENED_RUNTIME = YES;
				GENERATE_INFOPLIST_FILE = YES;
				INFOPLIST_KEY_CFBundleDisplayName = Passra1n;
				INFOPLIST_KEY_LSApplicationCategoryType = "public.app-category.utilities";
				INFOPLIST_KEY_NSHumanReadableCopyright = "";
				INFOPLIST_KEY_NSMainStoryboardFile = Main;
				INFOPLIST_KEY_NSPrincipalClass = NSApplication;
				LD_RUNPATH_SEARCH_PATHS = (
					"$(inherited)",
					"@executable_path/../Frameworks",
				);
				MACOSX_DEPLOYMENT_TARGET = 10.13;
				MARKETING_VERSION = "1.0 beta";
				PRODUCT_BUNDLE_IDENTIFIER = com.AlwaysAppleFTD.Passra1n;
				PRODUCT_NAME = "$(TARGET_NAME)";
				SWIFT_EMIT_LOC_STRINGS = YES;
				SWIFT_VERSION = 5.0;
			};
			name = Release;
		};
		2FA9DF0D2BA59BF9002CB7B9 /* Debug */ = {
			isa = XCBuildConfiguration;
			buildSettings = {
				ALWAYS_EMBED_SWIFT_STANDARD_LIBRARIES = YES;
				BUNDLE_LOADER = "$(TEST_HOST)";
				CODE_SIGN_STYLE = Automatic;
				CURRENT_PROJECT_VERSION = 1;
				DEVELOPMENT_TEAM = 37QKW5UT5K;
				GENERATE_INFOPLIST_FILE = YES;
				MACOSX_DEPLOYMENT_TARGET = 13.2;
				MARKETING_VERSION = 1.0;
				PRODUCT_BUNDLE_IDENTIFIER = com.AlwaysAppleFTD.Passra1nTests;
				PRODUCT_NAME = "$(TARGET_NAME)";
				SWIFT_EMIT_LOC_STRINGS = NO;
				SWIFT_VERSION = 5.0;
				TEST_HOST = "$(BUILT_PRODUCTS_DIR)/Passra1n.app/$(BUNDLE_EXECUTABLE_FOLDER_PATH)/Passra1n";
			};
			name = Debug;
		};
		2FA9DF0E2BA59BF9002CB7B9 /* Release */ = {
			isa = XCBuildConfiguration;
			buildSettings = {
				ALWAYS_EMBED_SWIFT_STANDARD_LIBRARIES = YES;
				BUNDLE_LOADER = "$(TEST_HOST)";
				CODE_SIGN_STYLE = Automatic;
				CURRENT_PROJECT_VERSION = 1;
				DEVELOPMENT_TEAM = 37QKW5UT5K;
				GENERATE_INFOPLIST_FILE = YES;
				MACOSX_DEPLOYMENT_TARGET = 13.2;
				MARKETING_VERSION = 1.0;
				PRODUCT_BUNDLE_IDENTIFIER = com.AlwaysAppleFTD.Passra1nTests;
				PRODUCT_NAME = "$(TARGET_NAME)";
				SWIFT_EMIT_LOC_STRINGS = NO;
				SWIFT_VERSION = 5.0;
				TEST_HOST = "$(BUILT_PRODUCTS_DIR)/Passra1n.app/$(BUNDLE_EXECUTABLE_FOLDER_PATH)/Passra1n";
			};
			name = Release;
		};
		2FA9DF102BA59BF9002CB7B9 /* Debug */ = {
			isa = XCBuildConfiguration;
			buildSettings = {
				ALWAYS_EMBED_SWIFT_STANDARD_LIBRARIES = YES;
				CODE_SIGN_STYLE = Automatic;
				CURRENT_PROJECT_VERSION = 1;
				DEVELOPMENT_TEAM = 37QKW5UT5K;
				GENERATE_INFOPLIST_FILE = YES;
				MARKETING_VERSION = 1.0;
				PRODUCT_BUNDLE_IDENTIFIER = com.AlwaysAppleFTD.Passra1nUITests;
				PRODUCT_NAME = "$(TARGET_NAME)";
				SWIFT_EMIT_LOC_STRINGS = NO;
				SWIFT_VERSION = 5.0;
				TEST_TARGET_NAME = Passra1n;
			};
			name = Debug;
		};
		2FA9DF112BA59BF9002CB7B9 /* Release */ = {
			isa = XCBuildConfiguration;
			buildSettings = {
				ALWAYS_EMBED_SWIFT_STANDARD_LIBRARIES = YES;
				CODE_SIGN_STYLE = Automatic;
				CURRENT_PROJECT_VERSION = 1;
				DEVELOPMENT_TEAM = 37QKW5UT5K;
				GENERATE_INFOPLIST_FILE = YES;
				MARKETING_VERSION = 1.0;
				PRODUCT_BUNDLE_IDENTIFIER = com.AlwaysAppleFTD.Passra1nUITests;
				PRODUCT_NAME = "$(TARGET_NAME)";
				SWIFT_EMIT_LOC_STRINGS = NO;
				SWIFT_VERSION = 5.0;
				TEST_TARGET_NAME = Passra1n;
			};
			name = Release;
		};
/* End XCBuildConfiguration section */

/* Begin XCConfigurationList section */
		2FA9DEDF2BA59BF7002CB7B9 /* Build configuration list for PBXProject "Passra1n" */ = {
			isa = XCConfigurationList;
			buildConfigurations = (
				2FA9DF072BA59BF9002CB7B9 /* Debug */,
				2FA9DF082BA59BF9002CB7B9 /* Release */,
			);
			defaultConfigurationIsVisible = 0;
			defaultConfigurationName = Release;
		};
		2FA9DF092BA59BF9002CB7B9 /* Build configuration list for PBXNativeTarget "Passra1n" */ = {
			isa = XCConfigurationList;
			buildConfigurations = (
				2FA9DF0A2BA59BF9002CB7B9 /* Debug */,
				2FA9DF0B2BA59BF9002CB7B9 /* Release */,
			);
			defaultConfigurationIsVisible = 0;
			defaultConfigurationName = Release;
		};
		2FA9DF0C2BA59BF9002CB7B9 /* Build configuration list for PBXNativeTarget "Passra1nTests" */ = {
			isa = XCConfigurationList;
			buildConfigurations = (
				2FA9DF0D2BA59BF9002CB7B9 /* Debug */,
				2FA9DF0E2BA59BF9002CB7B9 /* Release */,
			);
			defaultConfigurationIsVisible = 0;
			defaultConfigurationName = Release;
		};
		2FA9DF0F2BA59BF9002CB7B9 /* Build configuration list for PBXNativeTarget "Passra1nUITests" */ = {
			isa = XCConfigurationList;
			buildConfigurations = (
				2FA9DF102BA59BF9002CB7B9 /* Debug */,
				2FA9DF112BA59BF9002CB7B9 /* Release */,
			);
			defaultConfigurationIsVisible = 0;
			defaultConfigurationName = Release;
		};
/* End XCConfigurationList section */
	};
	rootObject = 2FA9DEDC2BA59BF7002CB7B9 /* Project object */;
}
